{
  "lockfile_version": "1",
  "packages": {
    "elixir-ls@latest": {
      "last_modified": "2024-01-17T15:31:30Z",
      "resolved": "github:NixOS/nixpkgs/f36047a5a4b5631f75210859abac7f97ba1ba7a7#elixir-ls",
      "source": "devbox-search",
      "version": "0.18.1",
      "systems": {
        "aarch64-darwin": {
          "store_path": "/nix/store/yp8y0biv9l72l4l4mspxyc1n0xfr7njz-elixir-ls-0.18.1"
        },
        "aarch64-linux": {
          "store_path": "/nix/store/03pn3f8flmpx1d317kb460nkpgjm76hm-elixir-ls-0.18.1"
        },
        "x86_64-darwin": {
          "store_path": "/nix/store/pn3rr6azpmxfr7chryz6fll266iq6vpi-elixir-ls-0.18.1"
        },
        "x86_64-linux": {
          "store_path": "/nix/store/4n7zxjksvpvrlbd0n1l1cxc7grci7kpn-elixir-ls-0.18.1"
        }
      }
    },
    "elixir_1_16@1.16.0": {
      "last_modified": "2024-01-14T03:55:27Z",
      "resolved": "github:NixOS/nixpkgs/dd5621df6dcb90122b50da5ec31c411a0de3e538#elixir_1_16",
      "source": "devbox-search",
      "version": "1.16.0",
      "systems": {
        "aarch64-darwin": {
          "store_path": "/nix/store/jb80krh7jnm8sjyhs4ap2ld8sva5l3q5-elixir-1.16.0"
        },
        "aarch64-linux": {
          "store_path": "/nix/store/1df4zcjwpshf5sz05s2r1f1k4yjkvcxa-elixir-1.16.0"
        },
        "x86_64-darwin": {
          "store_path": "/nix/store/2m875dcj334hsq4vm38rhjwi8b0dk97s-elixir-1.16.0"
        },
        "x86_64-linux": {
          "store_path": "/nix/store/jawv43fji0py1sqz2z8sllqm73hf2jm6-elixir-1.16.0"
        }
      }
    },
    "erlang_26@26.2.1": {
      "last_modified": "2024-01-17T04:47:17Z",
      "resolved": "github:NixOS/nixpkgs/757637581797f148c50977b6127147c5d298f9e9#erlang_26",
      "source": "devbox-search",
      "version": "26.2.1",
      "systems": {
        "aarch64-darwin": {
          "store_path": "/nix/store/zxa7pa1y25hzkz2gjirzl0j9blv399al-erlang-26.2.1"
        },
        "aarch64-linux": {
          "store_path": "/nix/store/sf8dflmmh7rk7zzwwsbh7049g39kz63k-erlang-26.2.1"
        },
        "x86_64-darwin": {
          "store_path": "/nix/store/7jazbh8k0z3ybpnmk8wd4zglwm99l89c-erlang-26.2.1"
        },
        "x86_64-linux": {
          "store_path": "/nix/store/vwmx4pszxyra9mg1bjkw2aa2h9yg7g3b-erlang-26.2.1"
        }
      }
    },
    "flyctl@latest": {
      "last_modified": "2024-01-14T03:55:27Z",
      "resolved": "github:NixOS/nixpkgs/dd5621df6dcb90122b50da5ec31c411a0de3e538#flyctl",
      "source": "devbox-search",
      "version": "0.1.137",
      "systems": {
        "aarch64-darwin": {
          "store_path": "/nix/store/hbsnirwqhf6bcqbx8wrdpln785vvdfjj-flyctl-0.1.137"
        },
        "aarch64-linux": {
          "store_path": "/nix/store/n08wfkz0xagm6ikaj5pv3lsbw51zj9yn-flyctl-0.1.137"
        },
        "x86_64-darwin": {
          "store_path": "/nix/store/9jrzaqv7ipfblkm6kn8zp4b840qjqcx5-flyctl-0.1.137"
        },
        "x86_64-linux": {
          "store_path": "/nix/store/g3dm3i5qsqrbvzbl7h9z43gkdgfrd24n-flyctl-0.1.137"
        }
      }
    },
    "gigalixir@latest": {
      "last_modified": "2024-01-14T03:55:27Z",
      "resolved": "github:NixOS/nixpkgs/dd5621df6dcb90122b50da5ec31c411a0de3e538#gigalixir",
      "source": "devbox-search",
      "version": "1.6.0",
      "systems": {
        "aarch64-linux": {
          "store_path": "/nix/store/kfjvgjkrvirwszllmwcsbq5qvq8ak4mv-gigalixir-1.6.0"
        },
        "x86_64-linux": {
          "store_path": "/nix/store/304bwpx4lqrm69a1mbwk2gn5b48vpm29-gigalixir-1.6.0"
        }
      }
    },
    "glibcLocales@latest": {
      "last_modified": "2024-01-14T03:55:27Z",
      "resolved": "github:NixOS/nixpkgs/dd5621df6dcb90122b50da5ec31c411a0de3e538#glibcLocales",
      "source": "devbox-search",
      "version": "2.38-27",
      "systems": {
        "aarch64-linux": {
          "store_path": "/nix/store/i0aff1lm1js9j9ggw7js7n5869bfxm6z-glibc-locales-2.38-27"
        },
        "x86_64-linux": {
          "store_path": "/nix/store/wyl74hap7bh513hp3rz1j608gs7267af-glibc-locales-2.38-27"
        }
      }
    },
    "nodejs@21.6.0": {
      "last_modified": "2024-01-17T15:31:30Z",
      "resolved": "github:NixOS/nixpkgs/f36047a5a4b5631f75210859abac7f97ba1ba7a7#nodejs_21",
      "source": "devbox-search",
      "version": "21.6.0",
      "systems": {
        "aarch64-darwin": {
          "store_path": "/nix/store/21jp6aq08m7yx8qg5029pq69dsfg1rbd-nodejs-21.6.0"
        },
        "aarch64-linux": {
          "store_path": "/nix/store/l6jyw0mw8dx71f3d45pr66sjg2agidjr-nodejs-21.6.0"
        },
        "x86_64-darwin": {
          "store_path": "/nix/store/wpjx3mxwa8ldbvlf0kr0d9li9inp343n-nodejs-21.6.0"
        },
        "x86_64-linux": {
          "store_path": "/nix/store/plhc6valzwyddhjv5jc2mdvbhjxyxa84-nodejs-21.6.0"
        }
      }
    }
  }
}
